
Microsoft Visual Studio Solution File, Format Version 12.00
# Visual Studio Version 17
VisualStudioVersion = 17.3.32819.101
MinimumVisualStudioVersion = 10.0.40219.1
Project("{FAE04EC0-301F-11D3-BF4B-00C04F79EFBC}") = "Activity_03", "Activity_03\Activity_03.csproj", "{D37F0E04-511F-4101-AF21-7EE95216BD03}"
EndProject
Global
	GlobalSection(SolutionConfigurationPlatforms) = preSolution
		Debug|Any CPU = Debug|Any CPU
		Release|Any CPU = Release|Any CPU
	EndGlobalSection
	GlobalSection(ProjectConfigurationPlatforms) = postSolution
		{D37F0E04-511F-4101-AF21-7EE95216BD03}.Debug|Any CPU.ActiveCfg = Debug|Any CPU
		{D37F0E04-511F-4101-AF21-7EE95216BD03}.Debug|Any CPU.Build.0 = Debug|Any CPU
		{D37F0E04-511F-4101-AF21-7EE95216BD03}.Release|Any CPU.ActiveCfg = Release|Any CPU
		{D37F0E04-511F-4101-AF21-7EE95216BD03}.Release|Any CPU.Build.0 = Release|Any CPU
	EndGlobalSection
	GlobalSection(SolutionProperties) = preSolution
		HideSolutionNode = FALSE
	EndGlobalSection
	GlobalSection(ExtensibilityGlobals) = postSolution
		SolutionGuid = {FB3E1988-1C03-4A81-873F-BA3CB5D93066}
	EndGlobalSection
EndGlobal
